
Microsoft Visual Studio Solution File, Format Version 12.00
# Visual Studio Version 17
VisualStudioVersion = 17.10.35004.147
MinimumVisualStudioVersion = 10.0.40219.1
Project("{FAE04EC0-301F-11D3-BF4B-00C04F79EFBC}") = "NetworkTool", "NetworkTool\NetworkTool.csproj", "{E55809AA-7665-4331-A94A-0C53CB09A3BB}"
EndProject
Project("{FAE04EC0-301F-11D3-BF4B-00C04F79EFBC}") = "NetworkConfigLibrary", "NetworkConfigLibrary\NetworkConfigLibrary.csproj", "{939EB787-0D26-4CA3-818D-5E978B916E48}"
EndProject
Project("{FAE04EC0-301F-11D3-BF4B-00C04F79EFBC}") = "NetworkConfigLibrary.Test", "NetworkConfigLibrary.Test\NetworkConfigLibrary.Test.csproj", "{2CABB52D-4E87-4533-8A19-B1BC76250920}"
EndProject
Global
	GlobalSection(SolutionConfigurationPlatforms) = preSolution
		Debug|Any CPU = Debug|Any CPU
		Release|Any CPU = Release|Any CPU
	EndGlobalSection
	GlobalSection(ProjectConfigurationPlatforms) = postSolution
		{E55809AA-7665-4331-A94A-0C53CB09A3BB}.Debug|Any CPU.ActiveCfg = Debug|Any CPU
		{E55809AA-7665-4331-A94A-0C53CB09A3BB}.Debug|Any CPU.Build.0 = Debug|Any CPU
		{E55809AA-7665-4331-A94A-0C53CB09A3BB}.Release|Any CPU.ActiveCfg = Release|Any CPU
		{E55809AA-7665-4331-A94A-0C53CB09A3BB}.Release|Any CPU.Build.0 = Release|Any CPU
		{939EB787-0D26-4CA3-818D-5E978B916E48}.Debug|Any CPU.ActiveCfg = Debug|Any CPU
		{939EB787-0D26-4CA3-818D-5E978B916E48}.Debug|Any CPU.Build.0 = Debug|Any CPU
		{939EB787-0D26-4CA3-818D-5E978B916E48}.Release|Any CPU.ActiveCfg = Release|Any CPU
		{939EB787-0D26-4CA3-818D-5E978B916E48}.Release|Any CPU.Build.0 = Release|Any CPU
		{2CABB52D-4E87-4533-8A19-B1BC76250920}.Debug|Any CPU.ActiveCfg = Debug|Any CPU
		{2CABB52D-4E87-4533-8A19-B1BC76250920}.Debug|Any CPU.Build.0 = Debug|Any CPU
		{2CABB52D-4E87-4533-8A19-B1BC76250920}.Release|Any CPU.ActiveCfg = Release|Any CPU
		{2CABB52D-4E87-4533-8A19-B1BC76250920}.Release|Any CPU.Build.0 = Release|Any CPU
	EndGlobalSection
	GlobalSection(SolutionProperties) = preSolution
		HideSolutionNode = FALSE
	EndGlobalSection
	GlobalSection(ExtensibilityGlobals) = postSolution
		SolutionGuid = {2BBFB56F-6324-49CC-A0F9-FAD6BA1F9BAD}
	EndGlobalSection
EndGlobal
